<?xml version="1.0" encoding="utf-8"?>
<Project ToolsVersion="4.0" xmlns="http://schemas.microsoft.com/developer/msbuild/2003">
  <ItemGroup>
    <Filter Include="ソース ファイル">
      <UniqueIdentifier>{4FC737F1-C7A5-4376-A066-2A32D752A2FF}</UniqueIdentifier>
      <Extensions>cpp;c;cc;cxx;c++;cppm;ixx;def;odl;idl;hpj;bat;asm;asmx</Extensions>
    </Filter>
    <Filter Include="ヘッダー ファイル">
      <UniqueIdentifier>{93995380-89BD-4b04-88EB-625FBE52EBFB}</UniqueIdentifier>
      <Extensions>h;hh;hpp;hxx;h++;hm;inl;inc;ipp;xsd</Extensions>
    </Filter>
    <Filter Include="リソース ファイル">
      <UniqueIdentifier>{67DA6AB6-F800-4c08-8B7A-83BB121AAD01}</UniqueIdentifier>
      <Extensions>rc;ico;cur;bmp;dlg;rc2;rct;bin;rgs;gif;jpg;jpeg;jpe;resx;tiff;tif;png;wav;mfcribbon-ms</Extensions>
    </Filter>
    <Filter Include="ヘッダー ファイル\UHF">
      <UniqueIdentifier>{1e9d64aa-b3b0-49f4-ab85-dc32540fa3f0}</UniqueIdentifier>
    </Filter>
    <Filter Include="ヘッダー ファイル\UHF\UHFC">
      <UniqueIdentifier>{3f72a413-7fcc-48f1-b6c4-1c8e6b842706}</UniqueIdentifier>
    </Filter>
  </ItemGroup>
  <ItemGroup>
    <None Include="..\README.md">
      <Filter>ソース ファイル</Filter>
    </None>
  </ItemGroup>
  <ItemGroup>
    <ClInclude Include="UHF\UHFC\SanaeC.h">
      <Filter>ヘッダー ファイル\UHF\UHFC</Filter>
    </ClInclude>
    <ClInclude Include="UHF\UHFC\SanaeFilec.h">
      <Filter>ヘッダー ファイル\UHF\UHFC</Filter>
    </ClInclude>
    <ClInclude Include="UHF\UHFC\SanaeMathc.h">
      <Filter>ヘッダー ファイル\UHF\UHFC</Filter>
    </ClInclude>
    <ClInclude Include="UHF\UHFC\SanaeStrc.h">
      <Filter>ヘッダー ファイル\UHF\UHFC</Filter>
    </ClInclude>
    <ClInclude Include="UHF\UHFC\SanaeUtilc.h">
      <Filter>ヘッダー ファイル\UHF\UHFC</Filter>
    </ClInclude>
    <ClInclude Include="UHF\UHFC\SanaeWchar.h">
      <Filter>ヘッダー ファイル\UHF\UHFC</Filter>
    </ClInclude>
    <ClInclude Include="UHF\UHFC\SanaeTypes.h">
      <Filter>ヘッダー ファイル\UHF\UHFC</Filter>
    </ClInclude>
    <ClInclude Include="UHF\Sanae.h">
      <Filter>ヘッダー ファイル\UHF</Filter>
    </ClInclude>
    <ClInclude Include="UHF\SanaeStatistics.h">
      <Filter>ヘッダー ファイル\UHF</Filter>
    </ClInclude>
    <ClInclude Include="UHF\SanaeStr.h">
      <Filter>ヘッダー ファイル\UHF</Filter>
    </ClInclude>
    <ClInclude Include="UHF\SanaeFile.h">
      <Filter>ヘッダー ファイル\UHF</Filter>
    </ClInclude>
    <ClInclude Include="UHF\SanaeMatrix.h">
      <Filter>ヘッダー ファイル\UHF</Filter>
    </ClInclude>
    <ClInclude Include="UHF\SanaeID3.h">
      <Filter>ヘッダー ファイル\UHF</Filter>
    </ClInclude>
    <ClInclude Include="UHF\SanaeCART.h">
      <Filter>ヘッダー ファイル\UHF</Filter>
    </ClInclude>
  </ItemGroup>
  <ItemGroup>
    <ClCompile Include="UHF.cpp">
      <Filter>ソース ファイル</Filter>
    </ClCompile>
  </ItemGroup>
</Project>